
Microsoft Visual Studio Solution File, Format Version 12.00
# Visual Studio 2013
VisualStudioVersion = 12.0.30723.0
MinimumVisualStudioVersion = 10.0.40219.1
Project("{2150E333-8FDC-42A3-9474-1A3956D46DE8}") = "Northwind", "Northwind", "{2E1604CE-3F9E-4076-8EE4-45C0D1E6A0A0}"
EndProject
Project("{FAE04EC0-301F-11D3-BF4B-00C04F79EFBC}") = "Northwind", "Northwind\Northwind.csproj", "{ECC12A53-479D-4422-A1C6-87E7067BCBC6}"
EndProject
Global
	GlobalSection(SolutionConfigurationPlatforms) = preSolution
		Debug|Any CPU = Debug|Any CPU
		Release|Any CPU = Release|Any CPU
	EndGlobalSection
	GlobalSection(ProjectConfigurationPlatforms) = postSolution
		{ECC12A53-479D-4422-A1C6-87E7067BCBC6}.Debug|Any CPU.ActiveCfg = Debug|Any CPU
		{ECC12A53-479D-4422-A1C6-87E7067BCBC6}.Debug|Any CPU.Build.0 = Debug|Any CPU
		{ECC12A53-479D-4422-A1C6-87E7067BCBC6}.Release|Any CPU.ActiveCfg = Release|Any CPU
		{ECC12A53-479D-4422-A1C6-87E7067BCBC6}.Release|Any CPU.Build.0 = Release|Any CPU
	EndGlobalSection
	GlobalSection(SolutionProperties) = preSolution
		HideSolutionNode = FALSE
	EndGlobalSection
	GlobalSection(NestedProjects) = preSolution
		{ECC12A53-479D-4422-A1C6-87E7067BCBC6} = {2E1604CE-3F9E-4076-8EE4-45C0D1E6A0A0}
	EndGlobalSection
EndGlobal
