
Microsoft Visual Studio Solution File, Format Version 12.00
# Visual Studio 2013
VisualStudioVersion = 12.0.30723.0
MinimumVisualStudioVersion = 10.0.40219.1
Project("{FAE04EC0-301F-11D3-BF4B-00C04F79EFBC}") = "BookStore.Model", "BookStore\BookStore.Model.csproj", "{8099B1F6-D5A0-4BA9-B02E-8A0FA8F3C4DF}"
EndProject
Project("{FAE04EC0-301F-11D3-BF4B-00C04F79EFBC}") = "BookStore.Data", "BookStore.Data\BookStore.Data.csproj", "{DAE59C51-3A8A-4CCF-8A3B-4DDC0A7ECBBF}"
EndProject
Project("{FAE04EC0-301F-11D3-BF4B-00C04F79EFBC}") = "BookStore.Client", "BookStore.Client\BookStore.Client.csproj", "{960E3BE5-D17E-4BF5-88BE-E4623B65CCD1}"
EndProject
Project("{FAE04EC0-301F-11D3-BF4B-00C04F79EFBC}") = "XMLImporter", "XMLImporter\XMLImporter.csproj", "{C22A17EB-D6D5-4860-9E29-9DBBE245374D}"
EndProject
Global
	GlobalSection(SolutionConfigurationPlatforms) = preSolution
		Debug|Any CPU = Debug|Any CPU
		Release|Any CPU = Release|Any CPU
	EndGlobalSection
	GlobalSection(ProjectConfigurationPlatforms) = postSolution
		{8099B1F6-D5A0-4BA9-B02E-8A0FA8F3C4DF}.Debug|Any CPU.ActiveCfg = Debug|Any CPU
		{8099B1F6-D5A0-4BA9-B02E-8A0FA8F3C4DF}.Debug|Any CPU.Build.0 = Debug|Any CPU
		{8099B1F6-D5A0-4BA9-B02E-8A0FA8F3C4DF}.Release|Any CPU.ActiveCfg = Release|Any CPU
		{8099B1F6-D5A0-4BA9-B02E-8A0FA8F3C4DF}.Release|Any CPU.Build.0 = Release|Any CPU
		{DAE59C51-3A8A-4CCF-8A3B-4DDC0A7ECBBF}.Debug|Any CPU.ActiveCfg = Debug|Any CPU
		{DAE59C51-3A8A-4CCF-8A3B-4DDC0A7ECBBF}.Debug|Any CPU.Build.0 = Debug|Any CPU
		{DAE59C51-3A8A-4CCF-8A3B-4DDC0A7ECBBF}.Release|Any CPU.ActiveCfg = Release|Any CPU
		{DAE59C51-3A8A-4CCF-8A3B-4DDC0A7ECBBF}.Release|Any CPU.Build.0 = Release|Any CPU
		{960E3BE5-D17E-4BF5-88BE-E4623B65CCD1}.Debug|Any CPU.ActiveCfg = Debug|Any CPU
		{960E3BE5-D17E-4BF5-88BE-E4623B65CCD1}.Debug|Any CPU.Build.0 = Debug|Any CPU
		{960E3BE5-D17E-4BF5-88BE-E4623B65CCD1}.Release|Any CPU.ActiveCfg = Release|Any CPU
		{960E3BE5-D17E-4BF5-88BE-E4623B65CCD1}.Release|Any CPU.Build.0 = Release|Any CPU
		{C22A17EB-D6D5-4860-9E29-9DBBE245374D}.Debug|Any CPU.ActiveCfg = Debug|Any CPU
		{C22A17EB-D6D5-4860-9E29-9DBBE245374D}.Debug|Any CPU.Build.0 = Debug|Any CPU
		{C22A17EB-D6D5-4860-9E29-9DBBE245374D}.Release|Any CPU.ActiveCfg = Release|Any CPU
		{C22A17EB-D6D5-4860-9E29-9DBBE245374D}.Release|Any CPU.Build.0 = Release|Any CPU
	EndGlobalSection
	GlobalSection(SolutionProperties) = preSolution
		HideSolutionNode = FALSE
	EndGlobalSection
EndGlobal
