
Microsoft Visual Studio Solution File, Format Version 12.00
# Visual Studio 2013
VisualStudioVersion = 12.0.30723.0
MinimumVisualStudioVersion = 10.0.40219.1
Project("{FAE04EC0-301F-11D3-BF4B-00C04F79EFBC}") = "Northwind.Data", "Northwind.Data\Northwind.Data.csproj", "{2699AA69-03C2-48E9-950D-3F62533D5198}"
EndProject
Project("{FAE04EC0-301F-11D3-BF4B-00C04F79EFBC}") = "Northwind.Actions", "Northwind.Actions\Northwind.Actions.csproj", "{D1A983FA-800D-4BB4-B39F-1DEBAB3B7E8A}"
EndProject
Global
	GlobalSection(SolutionConfigurationPlatforms) = preSolution
		Debug|Any CPU = Debug|Any CPU
		Release|Any CPU = Release|Any CPU
	EndGlobalSection
	GlobalSection(ProjectConfigurationPlatforms) = postSolution
		{2699AA69-03C2-48E9-950D-3F62533D5198}.Debug|Any CPU.ActiveCfg = Debug|Any CPU
		{2699AA69-03C2-48E9-950D-3F62533D5198}.Debug|Any CPU.Build.0 = Debug|Any CPU
		{2699AA69-03C2-48E9-950D-3F62533D5198}.Release|Any CPU.ActiveCfg = Release|Any CPU
		{2699AA69-03C2-48E9-950D-3F62533D5198}.Release|Any CPU.Build.0 = Release|Any CPU
		{D1A983FA-800D-4BB4-B39F-1DEBAB3B7E8A}.Debug|Any CPU.ActiveCfg = Debug|Any CPU
		{D1A983FA-800D-4BB4-B39F-1DEBAB3B7E8A}.Debug|Any CPU.Build.0 = Debug|Any CPU
		{D1A983FA-800D-4BB4-B39F-1DEBAB3B7E8A}.Release|Any CPU.ActiveCfg = Release|Any CPU
		{D1A983FA-800D-4BB4-B39F-1DEBAB3B7E8A}.Release|Any CPU.Build.0 = Release|Any CPU
	EndGlobalSection
	GlobalSection(SolutionProperties) = preSolution
		HideSolutionNode = FALSE
	EndGlobalSection
EndGlobal
