
Microsoft Visual Studio Solution File, Format Version 12.00
# Visual Studio 2013
VisualStudioVersion = 12.0.21005.1
MinimumVisualStudioVersion = 10.0.40219.1
Project("{FAE04EC0-301F-11D3-BF4B-00C04F79EFBC}") = "Extensions", "Demo\Extensions.csproj", "{E7C9600C-46A5-4F4C-B723-0A612B63FF2D}"
EndProject
Project("{FAE04EC0-301F-11D3-BF4B-00C04F79EFBC}") = "Queries", "Queries\Queries.csproj", "{87AFDF8A-DB05-40E4-8A94-661AC8A95A1B}"
EndProject
Project("{FAE04EC0-301F-11D3-BF4B-00C04F79EFBC}") = "DelegateTimer", "DelegateTimer\DelegateTimer.csproj", "{F905BCC3-E61C-4A13-AB95-57E8CB22A5E6}"
EndProject
Global
	GlobalSection(SolutionConfigurationPlatforms) = preSolution
		Debug|Any CPU = Debug|Any CPU
		Release|Any CPU = Release|Any CPU
	EndGlobalSection
	GlobalSection(ProjectConfigurationPlatforms) = postSolution
		{E7C9600C-46A5-4F4C-B723-0A612B63FF2D}.Debug|Any CPU.ActiveCfg = Debug|Any CPU
		{E7C9600C-46A5-4F4C-B723-0A612B63FF2D}.Debug|Any CPU.Build.0 = Debug|Any CPU
		{E7C9600C-46A5-4F4C-B723-0A612B63FF2D}.Release|Any CPU.ActiveCfg = Release|Any CPU
		{E7C9600C-46A5-4F4C-B723-0A612B63FF2D}.Release|Any CPU.Build.0 = Release|Any CPU
		{87AFDF8A-DB05-40E4-8A94-661AC8A95A1B}.Debug|Any CPU.ActiveCfg = Debug|Any CPU
		{87AFDF8A-DB05-40E4-8A94-661AC8A95A1B}.Debug|Any CPU.Build.0 = Debug|Any CPU
		{87AFDF8A-DB05-40E4-8A94-661AC8A95A1B}.Release|Any CPU.ActiveCfg = Release|Any CPU
		{87AFDF8A-DB05-40E4-8A94-661AC8A95A1B}.Release|Any CPU.Build.0 = Release|Any CPU
		{F905BCC3-E61C-4A13-AB95-57E8CB22A5E6}.Debug|Any CPU.ActiveCfg = Debug|Any CPU
		{F905BCC3-E61C-4A13-AB95-57E8CB22A5E6}.Debug|Any CPU.Build.0 = Debug|Any CPU
		{F905BCC3-E61C-4A13-AB95-57E8CB22A5E6}.Release|Any CPU.ActiveCfg = Release|Any CPU
		{F905BCC3-E61C-4A13-AB95-57E8CB22A5E6}.Release|Any CPU.Build.0 = Release|Any CPU
	EndGlobalSection
	GlobalSection(SolutionProperties) = preSolution
		HideSolutionNode = FALSE
	EndGlobalSection
EndGlobal
