
Microsoft Visual Studio Solution File, Format Version 12.00
# Visual Studio 2013
VisualStudioVersion = 12.0.30723.0
MinimumVisualStudioVersion = 10.0.40219.1
Project("{FAE04EC0-301F-11D3-BF4B-00C04F79EFBC}") = "1.IntegerSequenceAVGAndSum", "IntegerSequence\1.IntegerSequenceAVGAndSum.csproj", "{B9191972-7025-4512-8148-11F3A3E6AE32}"
EndProject
Project("{FAE04EC0-301F-11D3-BF4B-00C04F79EFBC}") = "2.ReverseSequence", "ReverseSequence\2.ReverseSequence.csproj", "{CF87F685-FFA0-4C28-8208-1BC03A02A22C}"
EndProject
Project("{FAE04EC0-301F-11D3-BF4B-00C04F79EFBC}") = "3.SortIncreasingOrder", "SortIncreasingOrder\3.SortIncreasingOrder.csproj", "{A33648D4-7FBC-42AE-9C24-5A29D30E3526}"
EndProject
Project("{FAE04EC0-301F-11D3-BF4B-00C04F79EFBC}") = "4.LongestSequence", "LongestSequence\4.LongestSequence.csproj", "{290F150A-3745-45DF-8EF0-616508487475}"
EndProject
Project("{FAE04EC0-301F-11D3-BF4B-00C04F79EFBC}") = "5.RemoveNegative", "RemoveNegative\5.RemoveNegative.csproj", "{929C8661-5339-4DEF-B119-075649DE434A}"
EndProject
Project("{FAE04EC0-301F-11D3-BF4B-00C04F79EFBC}") = "6.RemoveOdd", "RemoveOdd\6.RemoveOdd.csproj", "{B4B8097F-3E5B-4C08-8E25-BA0B9A3E4F06}"
EndProject
Project("{FAE04EC0-301F-11D3-BF4B-00C04F79EFBC}") = "7.NumberOfOccurances", "NumberOfOccurances\7.NumberOfOccurances.csproj", "{0F4FE03A-E3A2-41DA-8365-577B3C431FA3}"
EndProject
Project("{FAE04EC0-301F-11D3-BF4B-00C04F79EFBC}") = "9.FirstFiftyMembers", "FirstFiftyMembers\9.FirstFiftyMembers.csproj", "{104778C5-8B7E-4F92-9A5F-7C241E0EBF21}"
EndProject
Project("{FAE04EC0-301F-11D3-BF4B-00C04F79EFBC}") = "8.FindMajorant", "FindMajorant\8.FindMajorant.csproj", "{F3817635-D1F3-4787-A6DA-CD550249EAD6}"
EndProject
Project("{FAE04EC0-301F-11D3-BF4B-00C04F79EFBC}") = "10.ShortestSequenceOfOperations", "ShortestSequenceOfOperations\10.ShortestSequenceOfOperations.csproj", "{9AE098B9-3621-40D2-B8E7-38B2AD312590}"
EndProject
Project("{FAE04EC0-301F-11D3-BF4B-00C04F79EFBC}") = "11.LinkedList", "LinkedList\11.LinkedList.csproj", "{2FB0DAFB-1A37-4C9C-8A9A-B3EA47D91A72}"
EndProject
Project("{FAE04EC0-301F-11D3-BF4B-00C04F79EFBC}") = "12.StackWithArray", "StackWithArray\12.StackWithArray.csproj", "{947E6A6D-CBD0-4182-8A7D-C93B74CE4D83}"
EndProject
Project("{FAE04EC0-301F-11D3-BF4B-00C04F79EFBC}") = "13.LinkedQueue", "LinkedQueue\13.LinkedQueue.csproj", "{5DF3D67A-1206-4A89-80B7-6C80EBB6FBAA}"
EndProject
Global
	GlobalSection(SolutionConfigurationPlatforms) = preSolution
		Debug|Any CPU = Debug|Any CPU
		Release|Any CPU = Release|Any CPU
	EndGlobalSection
	GlobalSection(ProjectConfigurationPlatforms) = postSolution
		{B9191972-7025-4512-8148-11F3A3E6AE32}.Debug|Any CPU.ActiveCfg = Debug|Any CPU
		{B9191972-7025-4512-8148-11F3A3E6AE32}.Debug|Any CPU.Build.0 = Debug|Any CPU
		{B9191972-7025-4512-8148-11F3A3E6AE32}.Release|Any CPU.ActiveCfg = Release|Any CPU
		{B9191972-7025-4512-8148-11F3A3E6AE32}.Release|Any CPU.Build.0 = Release|Any CPU
		{CF87F685-FFA0-4C28-8208-1BC03A02A22C}.Debug|Any CPU.ActiveCfg = Debug|Any CPU
		{CF87F685-FFA0-4C28-8208-1BC03A02A22C}.Debug|Any CPU.Build.0 = Debug|Any CPU
		{CF87F685-FFA0-4C28-8208-1BC03A02A22C}.Release|Any CPU.ActiveCfg = Release|Any CPU
		{CF87F685-FFA0-4C28-8208-1BC03A02A22C}.Release|Any CPU.Build.0 = Release|Any CPU
		{A33648D4-7FBC-42AE-9C24-5A29D30E3526}.Debug|Any CPU.ActiveCfg = Debug|Any CPU
		{A33648D4-7FBC-42AE-9C24-5A29D30E3526}.Debug|Any CPU.Build.0 = Debug|Any CPU
		{A33648D4-7FBC-42AE-9C24-5A29D30E3526}.Release|Any CPU.ActiveCfg = Release|Any CPU
		{A33648D4-7FBC-42AE-9C24-5A29D30E3526}.Release|Any CPU.Build.0 = Release|Any CPU
		{290F150A-3745-45DF-8EF0-616508487475}.Debug|Any CPU.ActiveCfg = Debug|Any CPU
		{290F150A-3745-45DF-8EF0-616508487475}.Debug|Any CPU.Build.0 = Debug|Any CPU
		{290F150A-3745-45DF-8EF0-616508487475}.Release|Any CPU.ActiveCfg = Release|Any CPU
		{290F150A-3745-45DF-8EF0-616508487475}.Release|Any CPU.Build.0 = Release|Any CPU
		{929C8661-5339-4DEF-B119-075649DE434A}.Debug|Any CPU.ActiveCfg = Debug|Any CPU
		{929C8661-5339-4DEF-B119-075649DE434A}.Debug|Any CPU.Build.0 = Debug|Any CPU
		{929C8661-5339-4DEF-B119-075649DE434A}.Release|Any CPU.ActiveCfg = Release|Any CPU
		{929C8661-5339-4DEF-B119-075649DE434A}.Release|Any CPU.Build.0 = Release|Any CPU
		{B4B8097F-3E5B-4C08-8E25-BA0B9A3E4F06}.Debug|Any CPU.ActiveCfg = Debug|Any CPU
		{B4B8097F-3E5B-4C08-8E25-BA0B9A3E4F06}.Debug|Any CPU.Build.0 = Debug|Any CPU
		{B4B8097F-3E5B-4C08-8E25-BA0B9A3E4F06}.Release|Any CPU.ActiveCfg = Release|Any CPU
		{B4B8097F-3E5B-4C08-8E25-BA0B9A3E4F06}.Release|Any CPU.Build.0 = Release|Any CPU
		{0F4FE03A-E3A2-41DA-8365-577B3C431FA3}.Debug|Any CPU.ActiveCfg = Debug|Any CPU
		{0F4FE03A-E3A2-41DA-8365-577B3C431FA3}.Debug|Any CPU.Build.0 = Debug|Any CPU
		{0F4FE03A-E3A2-41DA-8365-577B3C431FA3}.Release|Any CPU.ActiveCfg = Release|Any CPU
		{0F4FE03A-E3A2-41DA-8365-577B3C431FA3}.Release|Any CPU.Build.0 = Release|Any CPU
		{104778C5-8B7E-4F92-9A5F-7C241E0EBF21}.Debug|Any CPU.ActiveCfg = Debug|Any CPU
		{104778C5-8B7E-4F92-9A5F-7C241E0EBF21}.Debug|Any CPU.Build.0 = Debug|Any CPU
		{104778C5-8B7E-4F92-9A5F-7C241E0EBF21}.Release|Any CPU.ActiveCfg = Release|Any CPU
		{104778C5-8B7E-4F92-9A5F-7C241E0EBF21}.Release|Any CPU.Build.0 = Release|Any CPU
		{F3817635-D1F3-4787-A6DA-CD550249EAD6}.Debug|Any CPU.ActiveCfg = Debug|Any CPU
		{F3817635-D1F3-4787-A6DA-CD550249EAD6}.Debug|Any CPU.Build.0 = Debug|Any CPU
		{F3817635-D1F3-4787-A6DA-CD550249EAD6}.Release|Any CPU.ActiveCfg = Release|Any CPU
		{F3817635-D1F3-4787-A6DA-CD550249EAD6}.Release|Any CPU.Build.0 = Release|Any CPU
		{9AE098B9-3621-40D2-B8E7-38B2AD312590}.Debug|Any CPU.ActiveCfg = Debug|Any CPU
		{9AE098B9-3621-40D2-B8E7-38B2AD312590}.Debug|Any CPU.Build.0 = Debug|Any CPU
		{9AE098B9-3621-40D2-B8E7-38B2AD312590}.Release|Any CPU.ActiveCfg = Release|Any CPU
		{9AE098B9-3621-40D2-B8E7-38B2AD312590}.Release|Any CPU.Build.0 = Release|Any CPU
		{2FB0DAFB-1A37-4C9C-8A9A-B3EA47D91A72}.Debug|Any CPU.ActiveCfg = Debug|Any CPU
		{2FB0DAFB-1A37-4C9C-8A9A-B3EA47D91A72}.Debug|Any CPU.Build.0 = Debug|Any CPU
		{2FB0DAFB-1A37-4C9C-8A9A-B3EA47D91A72}.Release|Any CPU.ActiveCfg = Release|Any CPU
		{2FB0DAFB-1A37-4C9C-8A9A-B3EA47D91A72}.Release|Any CPU.Build.0 = Release|Any CPU
		{947E6A6D-CBD0-4182-8A7D-C93B74CE4D83}.Debug|Any CPU.ActiveCfg = Debug|Any CPU
		{947E6A6D-CBD0-4182-8A7D-C93B74CE4D83}.Debug|Any CPU.Build.0 = Debug|Any CPU
		{947E6A6D-CBD0-4182-8A7D-C93B74CE4D83}.Release|Any CPU.ActiveCfg = Release|Any CPU
		{947E6A6D-CBD0-4182-8A7D-C93B74CE4D83}.Release|Any CPU.Build.0 = Release|Any CPU
		{5DF3D67A-1206-4A89-80B7-6C80EBB6FBAA}.Debug|Any CPU.ActiveCfg = Debug|Any CPU
		{5DF3D67A-1206-4A89-80B7-6C80EBB6FBAA}.Debug|Any CPU.Build.0 = Debug|Any CPU
		{5DF3D67A-1206-4A89-80B7-6C80EBB6FBAA}.Release|Any CPU.ActiveCfg = Release|Any CPU
		{5DF3D67A-1206-4A89-80B7-6C80EBB6FBAA}.Release|Any CPU.Build.0 = Release|Any CPU
	EndGlobalSection
	GlobalSection(SolutionProperties) = preSolution
		HideSolutionNode = FALSE
	EndGlobalSection
EndGlobal
