
Microsoft Visual Studio Solution File, Format Version 12.00
# Visual Studio 2013
VisualStudioVersion = 12.0.30723.0
MinimumVisualStudioVersion = 10.0.40219.1
Project("{FAE04EC0-301F-11D3-BF4B-00C04F79EFBC}") = "ExamPrep.Web", "ExamPrep.Web\ExamPrep.Web.csproj", "{BCAE5558-A79E-4C71-B972-5A4C824C0898}"
EndProject
Project("{FAE04EC0-301F-11D3-BF4B-00C04F79EFBC}") = "ExamPrep.Models", "ExamPrep.Models\ExamPrep.Models.csproj", "{BA44C69D-E827-4054-9792-D58884FE8568}"
EndProject
Project("{FAE04EC0-301F-11D3-BF4B-00C04F79EFBC}") = "ExamPrep.Data", "ExamPrep.Data\ExamPrep.Data.csproj", "{329851CC-52BD-42D1-A5B0-FACA9B492384}"
EndProject
Global
	GlobalSection(SolutionConfigurationPlatforms) = preSolution
		Debug|Any CPU = Debug|Any CPU
		Release|Any CPU = Release|Any CPU
	EndGlobalSection
	GlobalSection(ProjectConfigurationPlatforms) = postSolution
		{BCAE5558-A79E-4C71-B972-5A4C824C0898}.Debug|Any CPU.ActiveCfg = Debug|Any CPU
		{BCAE5558-A79E-4C71-B972-5A4C824C0898}.Debug|Any CPU.Build.0 = Debug|Any CPU
		{BCAE5558-A79E-4C71-B972-5A4C824C0898}.Release|Any CPU.ActiveCfg = Release|Any CPU
		{BCAE5558-A79E-4C71-B972-5A4C824C0898}.Release|Any CPU.Build.0 = Release|Any CPU
		{BA44C69D-E827-4054-9792-D58884FE8568}.Debug|Any CPU.ActiveCfg = Debug|Any CPU
		{BA44C69D-E827-4054-9792-D58884FE8568}.Debug|Any CPU.Build.0 = Debug|Any CPU
		{BA44C69D-E827-4054-9792-D58884FE8568}.Release|Any CPU.ActiveCfg = Release|Any CPU
		{BA44C69D-E827-4054-9792-D58884FE8568}.Release|Any CPU.Build.0 = Release|Any CPU
		{329851CC-52BD-42D1-A5B0-FACA9B492384}.Debug|Any CPU.ActiveCfg = Debug|Any CPU
		{329851CC-52BD-42D1-A5B0-FACA9B492384}.Debug|Any CPU.Build.0 = Debug|Any CPU
		{329851CC-52BD-42D1-A5B0-FACA9B492384}.Release|Any CPU.ActiveCfg = Release|Any CPU
		{329851CC-52BD-42D1-A5B0-FACA9B492384}.Release|Any CPU.Build.0 = Release|Any CPU
	EndGlobalSection
	GlobalSection(SolutionProperties) = preSolution
		HideSolutionNode = FALSE
	EndGlobalSection
EndGlobal
