
Microsoft Visual Studio Solution File, Format Version 12.00
# Visual Studio 2013
VisualStudioVersion = 12.0.21005.1
MinimumVisualStudioVersion = 10.0.40219.1
Project("{FAE04EC0-301F-11D3-BF4B-00C04F79EFBC}") = "Shapes", "Shapes\Shapes.csproj", "{F4191942-3393-4EF3-BF7E-087941134173}"
EndProject
Project("{FAE04EC0-301F-11D3-BF4B-00C04F79EFBC}") = "Bank", "Bank\Bank.csproj", "{7DC7B89D-BC01-48DE-87B6-AD9C1D3C46AD}"
EndProject
Global
	GlobalSection(SolutionConfigurationPlatforms) = preSolution
		Debug|Any CPU = Debug|Any CPU
		Release|Any CPU = Release|Any CPU
	EndGlobalSection
	GlobalSection(ProjectConfigurationPlatforms) = postSolution
		{F4191942-3393-4EF3-BF7E-087941134173}.Debug|Any CPU.ActiveCfg = Debug|Any CPU
		{F4191942-3393-4EF3-BF7E-087941134173}.Debug|Any CPU.Build.0 = Debug|Any CPU
		{F4191942-3393-4EF3-BF7E-087941134173}.Release|Any CPU.ActiveCfg = Release|Any CPU
		{F4191942-3393-4EF3-BF7E-087941134173}.Release|Any CPU.Build.0 = Release|Any CPU
		{7DC7B89D-BC01-48DE-87B6-AD9C1D3C46AD}.Debug|Any CPU.ActiveCfg = Debug|Any CPU
		{7DC7B89D-BC01-48DE-87B6-AD9C1D3C46AD}.Debug|Any CPU.Build.0 = Debug|Any CPU
		{7DC7B89D-BC01-48DE-87B6-AD9C1D3C46AD}.Release|Any CPU.ActiveCfg = Release|Any CPU
		{7DC7B89D-BC01-48DE-87B6-AD9C1D3C46AD}.Release|Any CPU.Build.0 = Release|Any CPU
	EndGlobalSection
	GlobalSection(SolutionProperties) = preSolution
		HideSolutionNode = FALSE
	EndGlobalSection
EndGlobal
