
Microsoft Visual Studio Solution File, Format Version 12.00
# Visual Studio 2013
VisualStudioVersion = 12.0.30723.0
MinimumVisualStudioVersion = 10.0.40219.1
Project("{FAE04EC0-301F-11D3-BF4B-00C04F79EFBC}") = "GettingStarted", "GettingStarted\GettingStarted.csproj", "{C697A8D5-943B-4F96-BB09-21C0C65FE692}"
EndProject
Project("{FAE04EC0-301F-11D3-BF4B-00C04F79EFBC}") = "Chart", "Chart\Chart.csproj", "{800E61D9-C018-4743-9755-A8CC58F7A97B}"
EndProject
Global
	GlobalSection(SolutionConfigurationPlatforms) = preSolution
		Debug|Any CPU = Debug|Any CPU
		Release|Any CPU = Release|Any CPU
	EndGlobalSection
	GlobalSection(ProjectConfigurationPlatforms) = postSolution
		{C697A8D5-943B-4F96-BB09-21C0C65FE692}.Debug|Any CPU.ActiveCfg = Debug|Any CPU
		{C697A8D5-943B-4F96-BB09-21C0C65FE692}.Debug|Any CPU.Build.0 = Debug|Any CPU
		{C697A8D5-943B-4F96-BB09-21C0C65FE692}.Release|Any CPU.ActiveCfg = Release|Any CPU
		{C697A8D5-943B-4F96-BB09-21C0C65FE692}.Release|Any CPU.Build.0 = Release|Any CPU
		{800E61D9-C018-4743-9755-A8CC58F7A97B}.Debug|Any CPU.ActiveCfg = Debug|Any CPU
		{800E61D9-C018-4743-9755-A8CC58F7A97B}.Debug|Any CPU.Build.0 = Debug|Any CPU
		{800E61D9-C018-4743-9755-A8CC58F7A97B}.Release|Any CPU.ActiveCfg = Release|Any CPU
		{800E61D9-C018-4743-9755-A8CC58F7A97B}.Release|Any CPU.Build.0 = Release|Any CPU
	EndGlobalSection
	GlobalSection(SolutionProperties) = preSolution
		HideSolutionNode = FALSE
	EndGlobalSection
EndGlobal
