
Microsoft Visual Studio Solution File, Format Version 12.00
# Visual Studio 2013
VisualStudioVersion = 12.0.30723.0
MinimumVisualStudioVersion = 10.0.40219.1
Project("{FAE04EC0-301F-11D3-BF4B-00C04F79EFBC}") = "BinaryPasswords", "BinaryPasswords\BinaryPasswords.csproj", "{FF4F7ED1-6321-41EB-A8F5-C4B53BF8C51B}"
EndProject
Project("{FAE04EC0-301F-11D3-BF4B-00C04F79EFBC}") = "Rabbits", "Rabbits\Rabbits.csproj", "{4D346897-9378-4423-80E4-C7B2EFE8151B}"
EndProject
Project("{FAE04EC0-301F-11D3-BF4B-00C04F79EFBC}") = "Sequences", "Sequences\Sequences.csproj", "{8C3F4345-2027-4CC8-AAC5-2FCEA0BFA688}"
EndProject
Project("{FAE04EC0-301F-11D3-BF4B-00C04F79EFBC}") = "ColorfullBolls", "ColorfullBolls\ColorfullBolls.csproj", "{A3E94EBB-4BE8-4F76-8351-8D6BA2AC7C52}"
EndProject
Global
	GlobalSection(SolutionConfigurationPlatforms) = preSolution
		Debug|Any CPU = Debug|Any CPU
		Release|Any CPU = Release|Any CPU
	EndGlobalSection
	GlobalSection(ProjectConfigurationPlatforms) = postSolution
		{FF4F7ED1-6321-41EB-A8F5-C4B53BF8C51B}.Debug|Any CPU.ActiveCfg = Debug|Any CPU
		{FF4F7ED1-6321-41EB-A8F5-C4B53BF8C51B}.Debug|Any CPU.Build.0 = Debug|Any CPU
		{FF4F7ED1-6321-41EB-A8F5-C4B53BF8C51B}.Release|Any CPU.ActiveCfg = Release|Any CPU
		{FF4F7ED1-6321-41EB-A8F5-C4B53BF8C51B}.Release|Any CPU.Build.0 = Release|Any CPU
		{4D346897-9378-4423-80E4-C7B2EFE8151B}.Debug|Any CPU.ActiveCfg = Debug|Any CPU
		{4D346897-9378-4423-80E4-C7B2EFE8151B}.Debug|Any CPU.Build.0 = Debug|Any CPU
		{4D346897-9378-4423-80E4-C7B2EFE8151B}.Release|Any CPU.ActiveCfg = Release|Any CPU
		{4D346897-9378-4423-80E4-C7B2EFE8151B}.Release|Any CPU.Build.0 = Release|Any CPU
		{8C3F4345-2027-4CC8-AAC5-2FCEA0BFA688}.Debug|Any CPU.ActiveCfg = Debug|Any CPU
		{8C3F4345-2027-4CC8-AAC5-2FCEA0BFA688}.Debug|Any CPU.Build.0 = Debug|Any CPU
		{8C3F4345-2027-4CC8-AAC5-2FCEA0BFA688}.Release|Any CPU.ActiveCfg = Release|Any CPU
		{8C3F4345-2027-4CC8-AAC5-2FCEA0BFA688}.Release|Any CPU.Build.0 = Release|Any CPU
		{A3E94EBB-4BE8-4F76-8351-8D6BA2AC7C52}.Debug|Any CPU.ActiveCfg = Debug|Any CPU
		{A3E94EBB-4BE8-4F76-8351-8D6BA2AC7C52}.Debug|Any CPU.Build.0 = Debug|Any CPU
		{A3E94EBB-4BE8-4F76-8351-8D6BA2AC7C52}.Release|Any CPU.ActiveCfg = Release|Any CPU
		{A3E94EBB-4BE8-4F76-8351-8D6BA2AC7C52}.Release|Any CPU.Build.0 = Release|Any CPU
	EndGlobalSection
	GlobalSection(SolutionProperties) = preSolution
		HideSolutionNode = FALSE
	EndGlobalSection
EndGlobal
