
Microsoft Visual Studio Solution File, Format Version 12.00
# Visual Studio 2013
VisualStudioVersion = 12.0.30723.0
MinimumVisualStudioVersion = 10.0.40219.1
Project("{FAE04EC0-301F-11D3-BF4B-00C04F79EFBC}") = "TelerikAcademy.Model", "TelerikAcademy.Model\TelerikAcademy.Model.csproj", "{A8BC07CA-4F9F-4EEC-B109-6305EB8146B5}"
EndProject
Project("{FAE04EC0-301F-11D3-BF4B-00C04F79EFBC}") = "NPlusOneProblem", "NPlusOneProblem\NPlusOneProblem.csproj", "{ED2DFA87-78F5-4DDF-8534-6E7229168FA9}"
EndProject
Project("{FAE04EC0-301F-11D3-BF4B-00C04F79EFBC}") = "ToListPerformance", "ToListPerformance\ToListPerformance.csproj", "{C0B7F5CB-80F0-4F6A-BE5B-0A95AC8F8F9A}"
EndProject
Global
	GlobalSection(SolutionConfigurationPlatforms) = preSolution
		Debug|Any CPU = Debug|Any CPU
		Release|Any CPU = Release|Any CPU
	EndGlobalSection
	GlobalSection(ProjectConfigurationPlatforms) = postSolution
		{A8BC07CA-4F9F-4EEC-B109-6305EB8146B5}.Debug|Any CPU.ActiveCfg = Debug|Any CPU
		{A8BC07CA-4F9F-4EEC-B109-6305EB8146B5}.Debug|Any CPU.Build.0 = Debug|Any CPU
		{A8BC07CA-4F9F-4EEC-B109-6305EB8146B5}.Release|Any CPU.ActiveCfg = Release|Any CPU
		{A8BC07CA-4F9F-4EEC-B109-6305EB8146B5}.Release|Any CPU.Build.0 = Release|Any CPU
		{ED2DFA87-78F5-4DDF-8534-6E7229168FA9}.Debug|Any CPU.ActiveCfg = Debug|Any CPU
		{ED2DFA87-78F5-4DDF-8534-6E7229168FA9}.Debug|Any CPU.Build.0 = Debug|Any CPU
		{ED2DFA87-78F5-4DDF-8534-6E7229168FA9}.Release|Any CPU.ActiveCfg = Release|Any CPU
		{ED2DFA87-78F5-4DDF-8534-6E7229168FA9}.Release|Any CPU.Build.0 = Release|Any CPU
		{C0B7F5CB-80F0-4F6A-BE5B-0A95AC8F8F9A}.Debug|Any CPU.ActiveCfg = Debug|Any CPU
		{C0B7F5CB-80F0-4F6A-BE5B-0A95AC8F8F9A}.Debug|Any CPU.Build.0 = Debug|Any CPU
		{C0B7F5CB-80F0-4F6A-BE5B-0A95AC8F8F9A}.Release|Any CPU.ActiveCfg = Release|Any CPU
		{C0B7F5CB-80F0-4F6A-BE5B-0A95AC8F8F9A}.Release|Any CPU.Build.0 = Release|Any CPU
	EndGlobalSection
	GlobalSection(SolutionProperties) = preSolution
		HideSolutionNode = FALSE
	EndGlobalSection
EndGlobal
